# THIS IS AN AUTOGENERATED FILE. DO NOT EDIT THIS FILE DIRECTLY.
# yarn lockfile v1


uni-request@^1.0.2:
  version "1.0.2"
  resolved "https://registry.yarnpkg.com/uni-request/-/uni-request-1.0.2.tgz#aa276b1e86d5822e4a747a48464892274487dc52"
  integrity sha512-NeenvswBYHMS2HoxedKapz5JEJYt31VAc3YTSdVvjGz/8T3LpZxRL21fQygj5fzLTALDZaDlv5pD168lJhlOww==
